schema_version: 1
policy:
  downloads_enabled_by_default: false
  note: "Todos los modelos se descargan solo de forma explicita."
models:
  - logical_name: llm
    engine: ollama
    file_name: "qwen3:1.7b"
    version_or_tag: "qwen3:1.7b"
    sha256: "PENDING_NOT_DOWNLOADED"
    official_url: "https://ollama.com/library/qwen3"
    size: "managed_by_ollama"
    execution:
      host: "127.0.0.1"
      api: "local_ollama"
      context_limit: "limited_for_raspberry_pi"
      max_concurrent_heavy_inferences: 1
  - logical_name: stt
    engine: whisper.cpp
    file_name: "ggml-base.bin"
    version_or_tag: "base multilingual ggml@17993a254ac4e9db7642a261cf53af3dc446145c"
    sha256: "60ed5bc3dd14eea856493d334349b405782ddcaf0028d4b5df4088345fba2efe"
    official_url: "https://huggingface.co/ggerganov/whisper.cpp/resolve/main/ggml-base.bin"
    size: "147951465 bytes"
    execution:
      language: "auto"
      accepted_languages: ["es", "fr"]
      restricted_language_fallback: "token_confidence"
      ambiguous_language_tie_breaker: "selected_voice_language"
      translate: false
      threads: "platform_limited"
      no_gpu: true
  - logical_name: tts
    engine: piper
    file_name: "es_ES-davefx-medium.onnx"
    version_or_tag: "v1.0.0"
    sha256: "6658b03b1a6c316ee4c265a9896abc1393353c2d9e1bca7d66c2c442e222a917"
    official_url: "https://huggingface.co/rhasspy/piper-voices/resolve/v1.0.0/es/es_ES/davefx/medium/es_ES-davefx-medium.onnx"
    size: "63201294 bytes"
    execution:
      speaker: "default"
      length_scale: 1.0
      noise_scale: 0.667
      noise_w: 0.8
      language: "es_ES"
  - logical_name: tts_config
    engine: piper
    file_name: "es_ES-davefx-medium.onnx.json"
    version_or_tag: "v1.0.0"
    sha256: "0e0dda87c732f6f38771ff274a6380d9252f327dca77aa2963d5fbdf9ec54842"
    official_url: "https://huggingface.co/rhasspy/piper-voices/resolve/v1.0.0/es/es_ES/davefx/medium/es_ES-davefx-medium.onnx.json"
    size: "4817 bytes"
    execution:
      model: "es_ES-davefx-medium.onnx"
  - logical_name: tts_fr
    engine: piper
    file_name: "fr_FR-tom-medium.onnx"
    version_or_tag: "main@5b44ec7bab7c5822cfec48fbd5aa99db71a823d6"
    sha256: "bf65074ccdeeeeaa832e75edb1c0a513c01c9a972bdf085ff8a6e71ea234fd41"
    official_url: "https://huggingface.co/rhasspy/piper-voices/resolve/5b44ec7bab7c5822cfec48fbd5aa99db71a823d6/fr/fr_FR/tom/medium/fr_FR-tom-medium.onnx"
    size: "63511038 bytes"
    execution:
      speaker: "default"
      length_scale: 1.0
      noise_scale: 0.667
      noise_w: 0.8
      language: "fr_FR"
  - logical_name: tts_fr_config
    engine: piper
    file_name: "fr_FR-tom-medium.onnx.json"
    version_or_tag: "main@5b44ec7bab7c5822cfec48fbd5aa99db71a823d6"
    sha256: "2f7f885ad5a0aad802e3cc24e4f57239febdcb142b4876de5d238094674361cc"
    official_url: "https://huggingface.co/rhasspy/piper-voices/resolve/5b44ec7bab7c5822cfec48fbd5aa99db71a823d6/fr/fr_FR/tom/medium/fr_FR-tom-medium.onnx.json"
    size: "4959 bytes"
    execution:
      model: "fr_FR-tom-medium.onnx"
  - logical_name: face_detection
    engine: opencv_yunet
    file_name: "face_detection_yunet_2023mar.onnx"
    version_or_tag: "2023mar"
    sha256: "8f2383e4dd3cfbb4553ea8718107fc0423210dc964f9f4280604804ed2552fa4"
    official_url: "https://github.com/opencv/opencv_zoo/raw/refs/heads/main/models/face_detection_yunet/face_detection_yunet_2023mar.onnx"
    size: "232589 bytes"
    execution:
      input_size: [320, 320]
      camera_max_resolution: [640, 480]
      target_fps: "5-10"
      opencv_python_headless: "4.13.0.92"
  - logical_name: palm_detection
    engine: opencv_dnn
    file_name: "palm_detection_mediapipe_2023feb.onnx"
    version_or_tag: "2023feb"
    sha256: "78ff51c38496b7fc8b8ebdb6cc8c1abb02fa6c38427c6848254cdaba57fcce7c"
    official_url: "https://github.com/opencv/opencv_zoo/raw/refs/heads/main/models/palm_detection_mediapipe/palm_detection_mediapipe_2023feb.onnx"
    size: "3905734 bytes"
    execution:
      input_size: [192, 192]
      score_threshold: 0.6
      nms_threshold: 0.3
      backend: "opencv_cpu"
      max_hands: 2
  - logical_name: hand_pose
    engine: opencv_dnn
    file_name: "handpose_estimation_mediapipe_2023feb.onnx"
    version_or_tag: "2023feb"
    sha256: "db0898ae717b76b075d9bf563af315b29562e11f8df5027a1ef07b02bef6d81c"
    official_url: "https://github.com/opencv/opencv_zoo/raw/refs/heads/main/models/handpose_estimation_mediapipe/handpose_estimation_mediapipe_2023feb.onnx"
    size: "4099621 bytes"
    execution:
      input_size: [224, 224]
      confidence_threshold: 0.8
      backend: "opencv_cpu"
      landmarks_per_hand: 21
